lockfileVersion: '6.0'

dependencies:
  '@actions/core':
    specifier: ^1.10.1
    version: 1.10.1
  '@actions/github':
    specifier: ^6.0.0
    version: 6.0.0

devDependencies:
  jsdoc:
    specifier: ^4.0.2
    version: 4.0.2

packages:

  /@actions/core@1.10.1:
    resolution: {integrity: sha512-3lBR9EDAY+iYIpTnTIXmWcNbX3T2kCkAEQGIQx4NVQ0575nk2k3GRZDTPQG+vVtS2izSLmINlxXf0uLtnrTP+g==}
    dependencies:
      '@actions/http-client': 2.2.0
      uuid: 8.3.2
    dev: false

  /@actions/github@6.0.0:
    resolution: {integrity: sha512-alScpSVnYmjNEXboZjarjukQEzgCRmjMv6Xj47fsdnqGS73bjJNDpiiXmp8jr0UZLdUB6d9jW63IcmddUP+l0g==}
    dependencies:
      '@actions/http-client': 2.2.0
      '@octokit/core': 5.1.0
      '@octokit/plugin-paginate-rest': 9.2.0(@octokit/core@5.1.0)
      '@octokit/plugin-rest-endpoint-methods': 10.4.0(@octokit/core@5.1.0)
    dev: false

  /@actions/http-client@2.2.0:
    resolution: {integrity: sha512-q+epW0trjVUUHboliPb4UF9g2msf+w61b32tAkFEwL/IwP0DQWgbCMM0Hbe3e3WXSKz5VcUXbzJQgy8Hkra/Lg==}
    dependencies:
      tunnel: 0.0.6
      undici: 5.28.3
    dev: false

  /@babel/helper-string-parser@7.23.4:
    resolution: {integrity: sha512-803gmbQdqwdf4olxrX4AJyFBV/RTr3rSmOj0rKwesmzlfhYNDEs+/iOcznzpNWlJlIlTJC2QfPFcHB6DlzdVLQ==}
    engines: {node: '>=6.9.0'}
    dev: true

  /@babel/helper-validator-identifier@7.22.20:
    resolution: {integrity: sha512-Y4OZ+ytlatR8AI+8KZfKuL5urKp7qey08ha31L8b3BwewJAoJamTzyvxPR/5D+KkdJCGPq/+8TukHBlY10FX9A==}
    engines: {node: '>=6.9.0'}
    dev: true

  /@babel/parser@7.24.0:
    resolution: {integrity: sha512-QuP/FxEAzMSjXygs8v4N9dvdXzEHN4W1oF3PxuWAtPo08UdM17u89RDMgjLn/mlc56iM0HlLmVkO/wgR+rDgHg==}
    engines: {node: '>=6.0.0'}
    hasBin: true
    dependencies:
      '@babel/types': 7.24.0
    dev: true

  /@babel/types@7.24.0:
    resolution: {integrity: sha512-+j7a5c253RfKh8iABBhywc8NSfP5LURe7Uh4qpsh6jc+aLJguvmIUBdjSdEMQv2bENrCR5MfRdjGo7vzS/ob7w==}
    engines: {node: '>=6.9.0'}
    dependencies:
      '@babel/helper-string-parser': 7.23.4
      '@babel/helper-validator-identifier': 7.22.20
      to-fast-properties: 2.0.0
    dev: true

  /@fastify/busboy@2.1.1:
    resolution: {integrity: sha512-vBZP4NlzfOlerQTnba4aqZoMhE/a9HY7HRqoOPaETQcSQuWEIyZMHGfVu6w9wGtGK5fED5qRs2DteVCjOH60sA==}
    engines: {node: '>=14'}
    dev: false

  /@jsdoc/salty@0.2.7:
    resolution: {integrity: sha512-mh8LbS9d4Jq84KLw8pzho7XC2q2/IJGiJss3xwRoLD1A+EE16SjN4PfaG4jRCzKegTFLlN0Zd8SdUPE6XdoPFg==}
    engines: {node: '>=v12.0.0'}
    dependencies:
      lodash: 4.17.21
    dev: true

  /@octokit/auth-token@4.0.0:
    resolution: {integrity: sha512-tY/msAuJo6ARbK6SPIxZrPBms3xPbfwBrulZe0Wtr/DIY9lje2HeV1uoebShn6mx7SjCHif6EjMvoREj+gZ+SA==}
    engines: {node: '>= 18'}
    dev: false

  /@octokit/core@5.1.0:
    resolution: {integrity: sha512-BDa2VAMLSh3otEiaMJ/3Y36GU4qf6GI+VivQ/P41NC6GHcdxpKlqV0ikSZ5gdQsmS3ojXeRx5vasgNTinF0Q4g==}
    engines: {node: '>= 18'}
    dependencies:
      '@octokit/auth-token': 4.0.0
      '@octokit/graphql': 7.0.2
      '@octokit/request': 8.2.0
      '@octokit/request-error': 5.0.1
      '@octokit/types': 12.6.0
      before-after-hook: 2.2.3
      universal-user-agent: 6.0.1
    dev: false

  /@octokit/endpoint@9.0.4:
    resolution: {integrity: sha512-DWPLtr1Kz3tv8L0UvXTDP1fNwM0S+z6EJpRcvH66orY6Eld4XBMCSYsaWp4xIm61jTWxK68BrR7ibO+vSDnZqw==}
    engines: {node: '>= 18'}
    dependencies:
      '@octokit/types': 12.6.0
      universal-user-agent: 6.0.1
    dev: false

  /@octokit/graphql@7.0.2:
    resolution: {integrity: sha512-OJ2iGMtj5Tg3s6RaXH22cJcxXRi7Y3EBqbHTBRq+PQAqfaS8f/236fUrWhfSn8P4jovyzqucxme7/vWSSZBX2Q==}
    engines: {node: '>= 18'}
    dependencies:
      '@octokit/request': 8.2.0
      '@octokit/types': 12.6.0
      universal-user-agent: 6.0.1
    dev: false

  /@octokit/openapi-types@20.0.0:
    resolution: {integrity: sha512-EtqRBEjp1dL/15V7WiX5LJMIxxkdiGJnabzYx5Apx4FkQIFgAfKumXeYAqqJCj1s+BMX4cPFIFC4OLCR6stlnA==}
    dev: false

  /@octokit/plugin-paginate-rest@9.2.0(@octokit/core@5.1.0):
    resolution: {integrity: sha512-NKi0bJEZqOSbBLMv9kdAcuocpe05Q2xAXNLTGi0HN2GSMFJHNZuSoPNa0tcQFTOFCKe+ZaYBZ3lpXh1yxgUDCA==}
    engines: {node: '>= 18'}
    peerDependencies:
      '@octokit/core': '>=5'
    dependencies:
      '@octokit/core': 5.1.0
      '@octokit/types': 12.6.0
    dev: false

  /@octokit/plugin-rest-endpoint-methods@10.4.0(@octokit/core@5.1.0):
    resolution: {integrity: sha512-INw5rGXWlbv/p/VvQL63dhlXr38qYTHkQ5bANi9xofrF9OraqmjHsIGyenmjmul1JVRHpUlw5heFOj1UZLEolA==}
    engines: {node: '>= 18'}
    peerDependencies:
      '@octokit/core': '>=5'
    dependencies:
      '@octokit/core': 5.1.0
      '@octokit/types': 12.6.0
    dev: false

  /@octokit/request-error@5.0.1:
    resolution: {integrity: sha512-X7pnyTMV7MgtGmiXBwmO6M5kIPrntOXdyKZLigNfQWSEQzVxR4a4vo49vJjTWX70mPndj8KhfT4Dx+2Ng3vnBQ==}
    engines: {node: '>= 18'}
    dependencies:
      '@octokit/types': 12.6.0
      deprecation: 2.3.1
      once: 1.4.0
    dev: false

  /@octokit/request@8.2.0:
    resolution: {integrity: sha512-exPif6x5uwLqv1N1irkLG1zZNJkOtj8bZxuVHd71U5Ftuxf2wGNvAJyNBcPbPC+EBzwYEbBDdSFb8EPcjpYxPQ==}
    engines: {node: '>= 18'}
    dependencies:
      '@octokit/endpoint': 9.0.4
      '@octokit/request-error': 5.0.1
      '@octokit/types': 12.6.0
      universal-user-agent: 6.0.1
    dev: false

  /@octokit/types@12.6.0:
    resolution: {integrity: sha512-1rhSOfRa6H9w4YwK0yrf5faDaDTb+yLyBUKOCV4xtCDB5VmIPqd/v9yr9o6SAzOAlRxMiRiCic6JVM1/kunVkw==}
    dependencies:
      '@octokit/openapi-types': 20.0.0
    dev: false

  /@types/linkify-it@3.0.5:
    resolution: {integrity: sha512-yg6E+u0/+Zjva+buc3EIb+29XEg4wltq7cSmd4Uc2EE/1nUVmxyzpX6gUXD0V8jIrG0r7YeOGVIbYRkxeooCtw==}
    dev: true

  /@types/markdown-it@12.2.3:
    resolution: {integrity: sha512-GKMHFfv3458yYy+v/N8gjufHO6MSZKCOXpZc5GXIWWy8uldwfmPn98vp81gZ5f9SVw8YYBctgfJ22a2d7AOMeQ==}
    dependencies:
      '@types/linkify-it': 3.0.5
      '@types/mdurl': 1.0.5
    dev: true

  /@types/mdurl@1.0.5:
    resolution: {integrity: sha512-6L6VymKTzYSrEf4Nev4Xa1LCHKrlTlYCBMTlQKFuddo1CvQcE52I0mwfOJayueUC7MJuXOeHTcIU683lzd0cUA==}
    dev: true

  /argparse@2.0.1:
    resolution: {integrity: sha512-8+9WqebbFzpX9OR+Wa6O29asIogeRMzcGtAINdpMHHyAg10f05aSFVBbcEqGf/PXw1EjAZ+q2/bEBg3DvurK3Q==}
    dev: true

  /before-after-hook@2.2.3:
    resolution: {integrity: sha512-NzUnlZexiaH/46WDhANlyR2bXRopNg4F/zuSA3OpZnllCUgRaOF2znDioDWrmbNVsuZk6l9pMquQB38cfBZwkQ==}
    dev: false

  /bluebird@3.7.2:
    resolution: {integrity: sha512-XpNj6GDQzdfW+r2Wnn7xiSAd7TM3jzkxGXBGTtWKuSXv1xUV+azxAm8jdWZN06QTQk+2N2XB9jRDkvbmQmcRtg==}
    dev: true

  /catharsis@0.9.0:
    resolution: {integrity: sha512-prMTQVpcns/tzFgFVkVp6ak6RykZyWb3gu8ckUpd6YkTlacOd3DXGJjIpD4Q6zJirizvaiAjSSHlOsA+6sNh2A==}
    engines: {node: '>= 10'}
    dependencies:
      lodash: 4.17.21
    dev: true

  /deprecation@2.3.1:
    resolution: {integrity: sha512-xmHIy4F3scKVwMsQ4WnVaS8bHOx0DmVwRywosKhaILI0ywMDWPtBSku2HNxRvF7jtwDRsoEwYQSfbxj8b7RlJQ==}
    dev: false

  /entities@2.1.0:
    resolution: {integrity: sha512-hCx1oky9PFrJ611mf0ifBLBRW8lUUVRlFolb5gWRfIELabBlbp9xZvrqZLZAs+NxFnbfQoeGd8wDkygjg7U85w==}
    dev: true

  /escape-string-regexp@2.0.0:
    resolution: {integrity: sha512-UpzcLCXolUWcNu5HtVMHYdXJjArjsF9C0aNnquZYY4uW/Vu0miy5YoWvbV345HauVvcAUnpRuhMMcqTcGOY2+w==}
    engines: {node: '>=8'}
    dev: true

  /graceful-fs@4.2.11:
    resolution: {integrity: sha512-RbJ5/jmFcNNCcDV5o9eTnBLJ/HszWV0P73bc+Ff4nS/rJj+YaS6IGyiOL0VoBYX+l1Wrl3k63h/KrH+nhJ0XvQ==}
    dev: true

  /js2xmlparser@4.0.2:
    resolution: {integrity: sha512-6n4D8gLlLf1n5mNLQPRfViYzu9RATblzPEtm1SthMX1Pjao0r9YI9nw7ZIfRxQMERS87mcswrg+r/OYrPRX6jA==}
    dependencies:
      xmlcreate: 2.0.4
    dev: true

  /jsdoc@4.0.2:
    resolution: {integrity: sha512-e8cIg2z62InH7azBBi3EsSEqrKx+nUtAS5bBcYTSpZFA+vhNPyhv8PTFZ0WsjOPDj04/dOLlm08EDcQJDqaGQg==}
    engines: {node: '>=12.0.0'}
    hasBin: true
    dependencies:
      '@babel/parser': 7.24.0
      '@jsdoc/salty': 0.2.7
      '@types/markdown-it': 12.2.3
      bluebird: 3.7.2
      catharsis: 0.9.0
      escape-string-regexp: 2.0.0
      js2xmlparser: 4.0.2
      klaw: 3.0.0
      markdown-it: 12.3.2
      markdown-it-anchor: 8.6.7(@types/markdown-it@12.2.3)(markdown-it@12.3.2)
      marked: 4.3.0
      mkdirp: 1.0.4
      requizzle: 0.2.4
      strip-json-comments: 3.1.1
      underscore: 1.13.6
    dev: true

  /klaw@3.0.0:
    resolution: {integrity: sha512-0Fo5oir+O9jnXu5EefYbVK+mHMBeEVEy2cmctR1O1NECcCkPRreJKrS6Qt/j3KC2C148Dfo9i3pCmCMsdqGr0g==}
    dependencies:
      graceful-fs: 4.2.11
    dev: true

  /linkify-it@3.0.3:
    resolution: {integrity: sha512-ynTsyrFSdE5oZ/O9GEf00kPngmOfVwazR5GKDq6EYfhlpFug3J2zybX56a2PRRpc9P+FuSoGNAwjlbDs9jJBPQ==}
    dependencies:
      uc.micro: 1.0.6
    dev: true

  /lodash@4.17.21:
    resolution: {integrity: sha512-v2kDEe57lecTulaDIuNTPy3Ry4gLGJ6Z1O3vE1krgXZNrsQ+LFTGHVxVjcXPs17LhbZVGedAJv8XZ1tvj5FvSg==}
    dev: true

  /markdown-it-anchor@8.6.7(@types/markdown-it@12.2.3)(markdown-it@12.3.2):
    resolution: {integrity: sha512-FlCHFwNnutLgVTflOYHPW2pPcl2AACqVzExlkGQNsi4CJgqOHN7YTgDd4LuhgN1BFO3TS0vLAruV1Td6dwWPJA==}
    peerDependencies:
      '@types/markdown-it': '*'
      markdown-it: '*'
    dependencies:
      '@types/markdown-it': 12.2.3
      markdown-it: 12.3.2
    dev: true

  /markdown-it@12.3.2:
    resolution: {integrity: sha512-TchMembfxfNVpHkbtriWltGWc+m3xszaRD0CZup7GFFhzIgQqxIfn3eGj1yZpfuflzPvfkt611B2Q/Bsk1YnGg==}
    hasBin: true
    dependencies:
      argparse: 2.0.1
      entities: 2.1.0
      linkify-it: 3.0.3
      mdurl: 1.0.1
      uc.micro: 1.0.6
    dev: true

  /marked@4.3.0:
    resolution: {integrity: sha512-PRsaiG84bK+AMvxziE/lCFss8juXjNaWzVbN5tXAm4XjeaS9NAHhop+PjQxz2A9h8Q4M/xGmzP8vqNwy6JeK0A==}
    engines: {node: '>= 12'}
    hasBin: true
    dev: true

  /mdurl@1.0.1:
    resolution: {integrity: sha512-/sKlQJCBYVY9Ers9hqzKou4H6V5UWc/M59TH2dvkt+84itfnq7uFOMLpOiOS4ujvHP4etln18fmIxA5R5fll0g==}
    dev: true

  /mkdirp@1.0.4:
    resolution: {integrity: sha512-vVqVZQyf3WLx2Shd0qJ9xuvqgAyKPLAiqITEtqW0oIUjzo3PePDd6fW9iFz30ef7Ysp/oiWqbhszeGWW2T6Gzw==}
    engines: {node: '>=10'}
    hasBin: true
    dev: true

  /once@1.4.0:
    resolution: {integrity: sha512-lNaJgI+2Q5URQBkccEKHTQOPaXdUxnZZElQTZY0MFUAuaEqe1E+Nyvgdz/aIyNi6Z9MzO5dv1H8n58/GELp3+w==}
    dependencies:
      wrappy: 1.0.2
    dev: false

  /requizzle@0.2.4:
    resolution: {integrity: sha512-JRrFk1D4OQ4SqovXOgdav+K8EAhSB/LJZqCz8tbX0KObcdeM15Ss59ozWMBWmmINMagCwmqn4ZNryUGpBsl6Jw==}
    dependencies:
      lodash: 4.17.21
    dev: true

  /strip-json-comments@3.1.1:
    resolution: {integrity: sha512-6fPc+R4ihwqP6N/aIv2f1gMH8lOVtWQHoqC4yK6oSDVVocumAsfCqjkXnqiYMhmMwS/mEHLp7Vehlt3ql6lEig==}
    engines: {node: '>=8'}
    dev: true

  /to-fast-properties@2.0.0:
    resolution: {integrity: sha512-/OaKK0xYrs3DmxRYqL/yDc+FxFUVYhDlXMhRmv3z915w2HF1tnN1omB354j8VUGO/hbRzyD6Y3sA7v7GS/ceog==}
    engines: {node: '>=4'}
    dev: true

  /tunnel@0.0.6:
    resolution: {integrity: sha512-1h/Lnq9yajKY2PEbBadPXj3VxsDDu844OnaAo52UVmIzIvwwtBPIuNvkjuzBlTWpfJyUbG3ez0KSBibQkj4ojg==}
    engines: {node: '>=0.6.11 <=0.7.0 || >=0.7.3'}
    dev: false

  /uc.micro@1.0.6:
    resolution: {integrity: sha512-8Y75pvTYkLJW2hWQHXxoqRgV7qb9B+9vFEtidML+7koHUFapnVJAZ6cKs+Qjz5Aw3aZWHMC6u0wJE3At+nSGwA==}
    dev: true

  /underscore@1.13.6:
    resolution: {integrity: sha512-+A5Sja4HP1M08MaXya7p5LvjuM7K6q/2EaC0+iovj/wOcMsTzMvDFbasi/oSapiwOlt252IqsKqPjCl7huKS0A==}
    dev: true

  /undici@5.28.3:
    resolution: {integrity: sha512-3ItfzbrhDlINjaP0duwnNsKpDQk3acHI3gVJ1z4fmwMK31k5G9OVIAMLSIaP6w4FaGkaAkN6zaQO9LUvZ1t7VA==}
    engines: {node: '>=14.0'}
    dependencies:
      '@fastify/busboy': 2.1.1
    dev: false

  /universal-user-agent@6.0.1:
    resolution: {integrity: sha512-yCzhz6FN2wU1NiiQRogkTQszlQSlpWaw8SvVegAc+bDxbzHgh1vX8uIe8OYyMH6DwH+sdTJsgMl36+mSMdRJIQ==}
    dev: false

  /uuid@8.3.2:
    resolution: {integrity: sha512-+NYs2QeMWy+GWFOEm9xnn6HCDp0l7QBD7ml8zLUmJ+93Q5NF0NocErnwkTkXVFNiX3/fpC6afS8Dhb/gz7R7eg==}
    hasBin: true
    dev: false

  /wrappy@1.0.2:
    resolution: {integrity: sha512-l4Sp/DRseor9wL6EvV2+TuQn63dMkPjZ/sp9XkghTEbV9KlPS1xUsZ3u7/IQO4wxtcFB4bgpQPRcR3QCvezPcQ==}
    dev: false

  /xmlcreate@2.0.4:
    resolution: {integrity: sha512-nquOebG4sngPmGPICTS5EnxqhKbCmz5Ox5hsszI2T6U5qdrJizBc+0ilYSEjTSzU0yZcmvppztXe/5Al5fUwdg==}
    dev: true
